// !$*UTF8*$!
{
	archiveVersion = 1;
	classes = {
	};
	objectVersion = 48;
	objects = {

/* Begin PBXBuildFile section */
		8E2FE2A7205C4EAD003F9A00 /* AppDelegate.swift in Sources */ = {isa = PBXBuildFile; fileRef = 8E2FE2A6205C4EAD003F9A00 /* AppDelegate.swift */; };
		8E2FE2A9205C4EAD003F9A00 /* ViewController.swift in Sources */ = {isa = PBXBuildFile; fileRef = 8E2FE2A8205C4EAD003F9A00 /* ViewController.swift */; };
		8E2FE2AC205C4EAD003F9A00 /* Main.storyboard in Resources */ = {isa = PBXBuildFile; fileRef = 8E2FE2AA205C4EAD003F9A00 /* Main.storyboard */; };
		8E2FE2AF205C4EAD003F9A00 /* PokemonGo.xcdatamodeld in Sources */ = {isa = PBXBuildFile; fileRef = 8E2FE2AD205C4EAD003F9A00 /* PokemonGo.xcdatamodeld */; };
		8E2FE2B1205C4EAD003F9A00 /* Assets.xcassets in Resources */ = {isa = PBXBuildFile; fileRef = 8E2FE2B0205C4EAD003F9A00 /* Assets.xcassets */; };
		8E2FE2B4205C4EAD003F9A00 /* LaunchScreen.storyboard in Resources */ = {isa = PBXBuildFile; fileRef = 8E2FE2B2205C4EAD003F9A00 /* LaunchScreen.storyboard */; };
		8E2FE2BD205C4EED003F9A00 /* MapKit.framework in Frameworks */ = {isa = PBXBuildFile; fileRef = 8E2FE2BC205C4EED003F9A00 /* MapKit.framework */; };
		8E2FE2BF20602F15003F9A00 /* CoreDataPokemon.swift in Sources */ = {isa = PBXBuildFile; fileRef = 8E2FE2BE20602F15003F9A00 /* CoreDataPokemon.swift */; };
		8E2FE2C1206035DD003F9A00 /* PokemonAnotacao.swift in Sources */ = {isa = PBXBuildFile; fileRef = 8E2FE2C0206035DD003F9A00 /* PokemonAnotacao.swift */; };
		8E2FE2C32060395C003F9A00 /* PokeAgendaViewController.swift in Sources */ = {isa = PBXBuildFile; fileRef = 8E2FE2C22060395C003F9A00 /* PokeAgendaViewController.swift */; };
/* End PBXBuildFile section */

/* Begin PBXFileReference section */
		8E2FE2A3205C4EAD003F9A00 /* PokemonGo.app */ = {isa = PBXFileReference; explicitFileType = wrapper.application; includeInIndex = 0; path = PokemonGo.app; sourceTree = BUILT_PRODUCTS_DIR; };
		8E2FE2A6205C4EAD003F9A00 /* AppDelegate.swift */ = {isa = PBXFileReference; lastKnownFileType = sourcecode.swift; path = AppDelegate.swift; sourceTree = "<group>"; };
		8E2FE2A8205C4EAD003F9A00 /* ViewController.swift */ = {isa = PBXFileReference; lastKnownFileType = sourcecode.swift; path = ViewController.swift; sourceTree = "<group>"; };
		8E2FE2AB205C4EAD003F9A00 /* Base */ = {isa = PBXFileReference; lastKnownFileType = file.storyboard; name = Base; path = Base.lproj/Main.storyboard; sourceTree = "<group>"; };
		8E2FE2AE205C4EAD003F9A00 /* PokemonGo.xcdatamodel */ = {isa = PBXFileReference; lastKnownFileType = wrapper.xcdatamodel; path = PokemonGo.xcdatamodel; sourceTree = "<group>"; };
		8E2FE2B0205C4EAD003F9A00 /* Assets.xcassets */ = {isa = PBXFileReference; lastKnownFileType = folder.assetcatalog; path = Assets.xcassets; sourceTree = "<group>"; };
		8E2FE2B3205C4EAD003F9A00 /* Base */ = {isa = PBXFileReference; lastKnownFileType = file.storyboard; name = Base; path = Base.lproj/LaunchScreen.storyboard; sourceTree = "<group>"; };
		8E2FE2B5205C4EAD003F9A00 /* Info.plist */ = {isa = PBXFileReference; lastKnownFileType = text.plist.xml; path = Info.plist; sourceTree = "<group>"; };
		8E2FE2BC205C4EED003F9A00 /* MapKit.framework */ = {isa = PBXFileReference; lastKnownFileType = wrapper.framework; name = MapKit.framework; path = System/Library/Frameworks/MapKit.framework; sourceTree = SDKROOT; };
		8E2FE2BE20602F15003F9A00 /* CoreDataPokemon.swift */ = {isa = PBXFileReference; lastKnownFileType = sourcecode.swift; path = CoreDataPokemon.swift; sourceTree = "<group>"; };
		8E2FE2C0206035DD003F9A00 /* PokemonAnotacao.swift */ = {isa = PBXFileReference; lastKnownFileType = sourcecode.swift; path = PokemonAnotacao.swift; sourceTree = "<group>"; };
		8E2FE2C22060395C003F9A00 /* PokeAgendaViewController.swift */ = {isa = PBXFileReference; lastKnownFileType = sourcecode.swift; path = PokeAgendaViewController.swift; sourceTree = "<group>"; };
/* End PBXFileReference section */

/* Begin PBXFrameworksBuildPhase section */
		8E2FE2A0205C4EAD003F9A00 /* Frameworks */ = {
			isa = PBXFrameworksBuildPhase;
			buildActionMask = 2147483647;
			files = (
				8E2FE2BD205C4EED003F9A00 /* MapKit.framework in Frameworks */,
			);
			runOnlyForDeploymentPostprocessing = 0;
		};
/* End PBXFrameworksBuildPhase section */

/* Begin PBXGroup section */
		8E2FE29A205C4EAD003F9A00 = {
			isa = PBXGroup;
			children = (
				8E2FE2A5205C4EAD003F9A00 /* PokemonGo */,
				8E2FE2A4205C4EAD003F9A00 /* Products */,
				8E2FE2BB205C4EEC003F9A00 /* Frameworks */,
			);
			sourceTree = "<group>";
		};
		8E2FE2A4205C4EAD003F9A00 /* Products */ = {
			isa = PBXGroup;
			children = (
				8E2FE2A3205C4EAD003F9A00 /* PokemonGo.app */,
			);
			name = Products;
			sourceTree = "<group>";
		};
		8E2FE2A5205C4EAD003F9A00 /* PokemonGo */ = {
			isa = PBXGroup;
			children = (
				8E2FE2A6205C4EAD003F9A00 /* AppDelegate.swift */,
				8E2FE2A8205C4EAD003F9A00 /* ViewController.swift */,
				8E2FE2BE20602F15003F9A00 /* CoreDataPokemon.swift */,
				8E2FE2C0206035DD003F9A00 /* PokemonAnotacao.swift */,
				8E2FE2C22060395C003F9A00 /* PokeAgendaViewController.swift */,
				8E2FE2AA205C4EAD003F9A00 /* Main.storyboard */,
				8E2FE2B0205C4EAD003F9A00 /* Assets.xcassets */,
				8E2FE2B2205C4EAD003F9A00 /* LaunchScreen.storyboard */,
				8E2FE2B5205C4EAD003F9A00 /* Info.plist */,
				8E2FE2AD205C4EAD003F9A00 /* PokemonGo.xcdatamodeld */,
			);
			path = PokemonGo;
			sourceTree = "<group>";
		};
		8E2FE2BB205C4EEC003F9A00 /* Frameworks */ = {
			isa = PBXGroup;
			children = (
				8E2FE2BC205C4EED003F9A00 /* MapKit.framework */,
			);
			name = Frameworks;
			sourceTree = "<group>";
		};
/* End PBXGroup section */

/* Begin PBXNativeTarget section */
		8E2FE2A2205C4EAD003F9A00 /* PokemonGo */ = {
			isa = PBXNativeTarget;
			buildConfigurationList = 8E2FE2B8205C4EAD003F9A00 /* Build configuration list for PBXNativeTarget "PokemonGo" */;
			buildPhases = (
				8E2FE29F205C4EAD003F9A00 /* Sources */,
				8E2FE2A0205C4EAD003F9A00 /* Frameworks */,
				8E2FE2A1205C4EAD003F9A00 /* Resources */,
			);
			buildRules = (
			);
			dependencies = (
			);
			name = PokemonGo;
			productName = PokemonGo;
			productReference = 8E2FE2A3205C4EAD003F9A00 /* PokemonGo.app */;
			productType = "com.apple.product-type.application";
		};
/* End PBXNativeTarget section */

/* Begin PBXProject section */
		8E2FE29B205C4EAD003F9A00 /* Project object */ = {
			isa = PBXProject;
			attributes = {
				LastSwiftUpdateCheck = 0920;
				LastUpgradeCheck = 0920;
				ORGANIZATIONNAME = "Felipe Alberto Treichel";
				TargetAttributes = {
					8E2FE2A2205C4EAD003F9A00 = {
						CreatedOnToolsVersion = 9.2;
						ProvisioningStyle = Automatic;
					};
				};
			};
			buildConfigurationList = 8E2FE29E205C4EAD003F9A00 /* Build configuration list for PBXProject "PokemonGo" */;
			compatibilityVersion = "Xcode 8.0";
			developmentRegion = en;
			hasScannedForEncodings = 0;
			knownRegions = (
				en,
				Base,
			);
			mainGroup = 8E2FE29A205C4EAD003F9A00;
			productRefGroup = 8E2FE2A4205C4EAD003F9A00 /* Products */;
			projectDirPath = "";
			projectRoot = "";
			targets = (
				8E2FE2A2205C4EAD003F9A00 /* PokemonGo */,
			);
		};
/* End PBXProject section */

/* Begin PBXResourcesBuildPhase section */
		8E2FE2A1205C4EAD003F9A00 /* Resources */ = {
			isa = PBXResourcesBuildPhase;
			buildActionMask = 2147483647;
			files = (
				8E2FE2B4205C4EAD003F9A00 /* LaunchScreen.storyboard in Resources */,
				8E2FE2B1205C4EAD003F9A00 /* Assets.xcassets in Resources */,
				8E2FE2AC205C4EAD003F9A00 /* Main.storyboard in Resources */,
			);
			runOnlyForDeploymentPostprocessing = 0;
		};
/* End PBXResourcesBuildPhase section */

/* Begin PBXSourcesBuildPhase section */
		8E2FE29F205C4EAD003F9A00 /* Sources */ = {
			isa = PBXSourcesBuildPhase;
			buildActionMask = 2147483647;
			files = (
				8E2FE2BF20602F15003F9A00 /* CoreDataPokemon.swift in Sources */,
				8E2FE2C1206035DD003F9A00 /* PokemonAnotacao.swift in Sources */,
				8E2FE2A9205C4EAD003F9A00 /* ViewController.swift in Sources */,
				8E2FE2A7205C4EAD003F9A00 /* AppDelegate.swift in Sources */,
				8E2FE2AF205C4EAD003F9A00 /* PokemonGo.xcdatamodeld in Sources */,
				8E2FE2C32060395C003F9A00 /* PokeAgendaViewController.swift in Sources */,
			);
			runOnlyForDeploymentPostprocessing = 0;
		};
/* End PBXSourcesBuildPhase section */

/* Begin PBXVariantGroup section */
		8E2FE2AA205C4EAD003F9A00 /* Main.storyboard */ = {
			isa = PBXVariantGroup;
			children = (
				8E2FE2AB205C4EAD003F9A00 /* Base */,
			);
			name = Main.storyboard;
			sourceTree = "<group>";
		};
		8E2FE2B2205C4EAD003F9A00 /* LaunchScreen.storyboard */ = {
			isa = PBXVariantGroup;
			children = (
				8E2FE2B3205C4EAD003F9A00 /* Base */,
			);
			name = LaunchScreen.storyboard;
			sourceTree = "<group>";
		};
/* End PBXVariantGroup section */

/* Begin XCBuildConfiguration section */
		8E2FE2B6205C4EAD003F9A00 /* Debug */ = {
			isa = XCBuildConfiguration;
			buildSettings = {
				ALWAYS_SEARCH_USER_PATHS = NO;
				CLANG_ANALYZER_NONNULL = YES;
				CLANG_ANALYZER_NUMBER_OBJECT_CONVERSION = YES_AGGRESSIVE;
				CLANG_CXX_LANGUAGE_STANDARD = "gnu++14";
				CLANG_CXX_LIBRARY = "libc++";
				CLANG_ENABLE_MODULES = YES;
				CLANG_ENABLE_OBJC_ARC = YES;
				CLANG_WARN_BLOCK_CAPTURE_AUTORELEASING = YES;
				CLANG_WARN_BOOL_CONVERSION = YES;
				CLANG_WARN_COMMA = YES;
				CLANG_WARN_CONSTANT_CONVERSION = YES;
				CLANG_WARN_DIRECT_OBJC_ISA_USAGE = YES_ERROR;
				CLANG_WARN_DOCUMENTATION_COMMENTS = YES;
				CLANG_WARN_EMPTY_BODY = YES;
				CLANG_WARN_ENUM_CONVERSION = YES;
				CLANG_WARN_INFINITE_RECURSION = YES;
				CLANG_WARN_INT_CONVERSION = YES;
				CLANG_WARN_NON_LITERAL_NULL_CONVERSION = YES;
				CLANG_WARN_OBJC_LITERAL_CONVERSION = YES;
				CLANG_WARN_OBJC_ROOT_CLASS = YES_ERROR;
				CLANG_WARN_RANGE_LOOP_ANALYSIS = YES;
				CLANG_WARN_STRICT_PROTOTYPES = YES;
				CLANG_WARN_SUSPICIOUS_MOVE = YES;
				CLANG_WARN_UNGUARDED_AVAILABILITY = YES_AGGRESSIVE;
				CLANG_WARN_UNREACHABLE_CODE = YES;
				CLANG_WARN__DUPLICATE_METHOD_MATCH = YES;
				CODE_SIGN_IDENTITY = "iPhone Developer";
				COPY_PHASE_STRIP = NO;
				DEBUG_INFORMATION_FORMAT = dwarf;
				ENABLE_STRICT_OBJC_MSGSEND = YES;
				ENABLE_TESTABILITY = YES;
				GCC_C_LANGUAGE_STANDARD = gnu11;
				GCC_DYNAMIC_NO_PIC = NO;
				GCC_NO_COMMON_BLOCKS = YES;
				GCC_OPTIMIZATION_LEVEL = 0;
				GCC_PREPROCESSOR_DEFINITIONS = (
					"DEBUG=1",
					"$(inherited)",
				);
				GCC_WARN_64_TO_32_BIT_CONVERSION = YES;
				GCC_WARN_ABOUT_RETURN_TYPE = YES_ERROR;
				GCC_WARN_UNDECLARED_SELECTOR = YES;
				GCC_WARN_UNINITIALIZED_AUTOS = YES_AGGRESSIVE;
				GCC_WARN_UNUSED_FUNCTION = YES;
				GCC_WARN_UNUSED_VARIABLE = YES;
				IPHONEOS_DEPLOYMENT_TARGET = 11.2;
				MTL_ENABLE_DEBUG_INFO = YES;
				ONLY_ACTIVE_ARCH = YES;
				SDKROOT = iphoneos;
				SWIFT_ACTIVE_COMPILATION_CONDITIONS = DEBUG;
				SWIFT_OPTIMIZATION_LEVEL = "-Onone";
			};
			name = Debug;
		};
		8E2FE2B7205C4EAD003F9A00 /* Release */ = {
			isa = XCBuildConfiguration;
			buildSettings = {
				ALWAYS_SEARCH_USER_PATHS = NO;
				CLANG_ANALYZER_NONNULL = YES;
				CLANG_ANALYZER_NUMBER_OBJECT_CONVERSION = YES_AGGRESSIVE;
				CLANG_CXX_LANGUAGE_STANDARD = "gnu++14";
				CLANG_CXX_LIBRARY = "libc++";
				CLANG_ENABLE_MODULES = YES;
				CLANG_ENABLE_OBJC_ARC = YES;
				CLANG_WARN_BLOCK_CAPTURE_AUTORELEASING = YES;
				CLANG_WARN_BOOL_CONVERSION = YES;
				CLANG_WARN_COMMA = YES;
				CLANG_WARN_CONSTANT_CONVERSION = YES;
				CLANG_WARN_DIRECT_OBJC_ISA_USAGE = YES_ERROR;
				CLANG_WARN_DOCUMENTATION_COMMENTS = YES;
				CLANG_WARN_EMPTY_BODY = YES;
				CLANG_WARN_ENUM_CONVERSION = YES;
				CLANG_WARN_INFINITE_RECURSION = YES;
				CLANG_WARN_INT_CONVERSION = YES;
				CLANG_WARN_NON_LITERAL_NULL_CONVERSION = YES;
				CLANG_WARN_OBJC_LITERAL_CONVERSION = YES;
				CLANG_WARN_OBJC_ROOT_CLASS = YES_ERROR;
				CLANG_WARN_RANGE_LOOP_ANALYSIS = YES;
				CLANG_WARN_STRICT_PROTOTYPES = YES;
				CLANG_WARN_SUSPICIOUS_MOVE = YES;
				CLANG_WARN_UNGUARDED_AVAILABILITY = YES_AGGRESSIVE;
				CLANG_WARN_UNREACHABLE_CODE = YES;
				CLANG_WARN__DUPLICATE_METHOD_MATCH = YES;
				CODE_SIGN_IDENTITY = "iPhone Developer";
				COPY_PHASE_STRIP = NO;
				DEBUG_INFORMATION_FORMAT = "dwarf-with-dsym";
				ENABLE_NS_ASSERTIONS = NO;
				ENABLE_STRICT_OBJC_MSGSEND = YES;
				GCC_C_LANGUAGE_STANDARD = gnu11;
				GCC_NO_COMMON_BLOCKS = YES;
				GCC_WARN_64_TO_32_BIT_CONVERSION = YES;
				GCC_WARN_ABOUT_RETURN_TYPE = YES_ERROR;
				GCC_WARN_UNDECLARED_SELECTOR = YES;
				GCC_WARN_UNINITIALIZED_AUTOS = YES_AGGRESSIVE;
				GCC_WARN_UNUSED_FUNCTION = YES;
				GCC_WARN_UNUSED_VARIABLE = YES;
				IPHONEOS_DEPLOYMENT_TARGET = 11.2;
				MTL_ENABLE_DEBUG_INFO = NO;
				SDKROOT = iphoneos;
				SWIFT_OPTIMIZATION_LEVEL = "-Owholemodule";
				VALIDATE_PRODUCT = YES;
			};
			name = Release;
		};
		8E2FE2B9205C4EAD003F9A00 /* Debug */ = {
			isa = XCBuildConfiguration;
			buildSettings = {
				ASSETCATALOG_COMPILER_APPICON_NAME = AppIcon;
				CODE_SIGN_STYLE = Automatic;
				DEVELOPMENT_TEAM = 9SUT8PZRGB;
				INFOPLIST_FILE = PokemonGo/Info.plist;
				LD_RUNPATH_SEARCH_PATHS = "$(inherited) @executable_path/Frameworks";
				PRODUCT_BUNDLE_IDENTIFIER = br.com.ftreichel.PokemonGo;
				PRODUCT_NAME = "$(TARGET_NAME)";
				SWIFT_VERSION = 4.0;
				TARGETED_DEVICE_FAMILY = "1,2";
			};
			name = Debug;
		};
		8E2FE2BA205C4EAD003F9A00 /* Release */ = {
			isa = XCBuildConfiguration;
			buildSettings = {
				ASSETCATALOG_COMPILER_APPICON_NAME = AppIcon;
				CODE_SIGN_STYLE = Automatic;
				DEVELOPMENT_TEAM = 9SUT8PZRGB;
				INFOPLIST_FILE = PokemonGo/Info.plist;
				LD_RUNPATH_SEARCH_PATHS = "$(inherited) @executable_path/Frameworks";
				PRODUCT_BUNDLE_IDENTIFIER = br.com.ftreichel.PokemonGo;
				PRODUCT_NAME = "$(TARGET_NAME)";
				SWIFT_VERSION = 4.0;
				TARGETED_DEVICE_FAMILY = "1,2";
			};
			name = Release;
		};
/* End XCBuildConfiguration section */

/* Begin XCConfigurationList section */
		8E2FE29E205C4EAD003F9A00 /* Build configuration list for PBXProject "PokemonGo" */ = {
			isa = XCConfigurationList;
			buildConfigurations = (
				8E2FE2B6205C4EAD003F9A00 /* Debug */,
				8E2FE2B7205C4EAD003F9A00 /* Release */,
			);
			defaultConfigurationIsVisible = 0;
			defaultConfigurationName = Release;
		};
		8E2FE2B8205C4EAD003F9A00 /* Build configuration list for PBXNativeTarget "PokemonGo" */ = {
			isa = XCConfigurationList;
			buildConfigurations = (
				8E2FE2B9205C4EAD003F9A00 /* Debug */,
				8E2FE2BA205C4EAD003F9A00 /* Release */,
			);
			defaultConfigurationIsVisible = 0;
			defaultConfigurationName = Release;
		};
/* End XCConfigurationList section */

/* Begin XCVersionGroup section */
		8E2FE2AD205C4EAD003F9A00 /* PokemonGo.xcdatamodeld */ = {
			isa = XCVersionGroup;
			children = (
				8E2FE2AE205C4EAD003F9A00 /* PokemonGo.xcdatamodel */,
			);
			currentVersion = 8E2FE2AE205C4EAD003F9A00 /* PokemonGo.xcdatamodel */;
			path = PokemonGo.xcdatamodeld;
			sourceTree = "<group>";
			versionGroupType = wrapper.xcdatamodel;
		};
/* End XCVersionGroup section */
	};
	rootObject = 8E2FE29B205C4EAD003F9A00 /* Project object */;
}
